
Microsoft Visual Studio Solution File, Format Version 12.00
# Visual Studio 14
VisualStudioVersion = 14.0.25420.1
MinimumVisualStudioVersion = 10.0.40219.1
Project("{FAE04EC0-301F-11D3-BF4B-00C04F79EFBC}") = "Variaveis", "Variaveis\Variaveis.csproj", "{557A3037-4D8A-4BEE-AC37-C9371C71C58C}"
EndProject
Project("{FAE04EC0-301F-11D3-BF4B-00C04F79EFBC}") = "Constantes", "Constantes\Constantes.csproj", "{06DF5B43-D612-44EB-B26B-8D52538C2CF1}"
EndProject
Project("{2150E333-8FDC-42A3-9474-1A3956D46DE8}") = "S02", "S02", "{B8741636-2C68-4941-972E-350102DAC65B}"
	ProjectSection(SolutionItems) = preProject
		TiposNumericos.txt = TiposNumericos.txt
	EndProjectSection
EndProject
Project("{FAE04EC0-301F-11D3-BF4B-00C04F79EFBC}") = "ConversaoTxtNumber", "ConversaoTxtNumber\ConversaoTxtNumber.csproj", "{CA9BB4FD-FB25-4223-8B17-9B9083734EB8}"
EndProject
Project("{FAE04EC0-301F-11D3-BF4B-00C04F79EFBC}") = "ConversaoNumero", "ConversaoNumero\ConversaoNumero.csproj", "{7AC1DA8E-2C62-41B7-A278-5BDE7C4A087D}"
EndProject
Project("{FAE04EC0-301F-11D3-BF4B-00C04F79EFBC}") = "Arrays", "Arrays\Arrays.csproj", "{459ADABE-CA78-4F0E-8BAF-64DE7CF858C7}"
EndProject
Project("{FAE04EC0-301F-11D3-BF4B-00C04F79EFBC}") = "E01", "E1\E01.csproj", "{852B0EDB-A4F7-4FCF-90D7-AB2ADACF5796}"
EndProject
Project("{2150E333-8FDC-42A3-9474-1A3956D46DE8}") = "S03", "S03", "{9F22F3CE-437C-4415-8AB6-EF4944D4C0B9}"
	ProjectSection(SolutionItems) = preProject
		Conceito.txt = Conceito.txt
	EndProjectSection
EndProject
Project("{FAE04EC0-301F-11D3-BF4B-00C04F79EFBC}") = "Classe", "Classe\Classe.csproj", "{EA64F5EE-6BDB-40CD-8058-1272AC0058B9}"
EndProject
Project("{FAE04EC0-301F-11D3-BF4B-00C04F79EFBC}") = "Estatico", "Estatico\Estatico.csproj", "{E0B4F0F8-07FF-43D1-868D-9001493D9393}"
EndProject
Project("{2150E333-8FDC-42A3-9474-1A3956D46DE8}") = "S04", "S04", "{026C9B55-E55A-4038-910D-CE23B226F608}"
	ProjectSection(SolutionItems) = preProject
		Conceitos.txt = Conceitos.txt
	EndProjectSection
EndProject
Project("{FAE04EC0-301F-11D3-BF4B-00C04F79EFBC}") = "SE_IF", "SE_IF\SE_IF.csproj", "{10D2EC7A-ACBE-4700-AECC-A07BF5F97466}"
EndProject
Project("{FAE04EC0-301F-11D3-BF4B-00C04F79EFBC}") = "Switch", "Switch\Switch.csproj", "{0565FD10-3BCB-4D91-A5C4-87F284D5D14D}"
EndProject
Project("{FAE04EC0-301F-11D3-BF4B-00C04F79EFBC}") = "While", "While\While.csproj", "{CC56E965-FDA7-4758-9331-F4BE294E4A79}"
EndProject
Project("{FAE04EC0-301F-11D3-BF4B-00C04F79EFBC}") = "DoWhile", "DoWhile\DoWhile.csproj", "{7F59FD91-630E-4695-A0AD-8472C1258F65}"
EndProject
Project("{FAE04EC0-301F-11D3-BF4B-00C04F79EFBC}") = "For", "For\For.csproj", "{39987E6C-F416-49D0-AF8F-F37C5C3AFEE8}"
EndProject
Project("{FAE04EC0-301F-11D3-BF4B-00C04F79EFBC}") = "ForEach", "ForEach\ForEach.csproj", "{5675ACF9-DEE2-43CA-9203-160ADE93B5AE}"
EndProject
Project("{FAE04EC0-301F-11D3-BF4B-00C04F79EFBC}") = "BreakContinue", "BreakContinue\BreakContinue.csproj", "{99B08773-494E-4233-A4C4-8DFBF0D77359}"
EndProject
Project("{FAE04EC0-301F-11D3-BF4B-00C04F79EFBC}") = "EscopoVariavel", "EscopoVariavel\EscopoVariavel.csproj", "{ABD3B19C-CCEE-4F69-A481-C1F1F8FDC018}"
EndProject
Project("{FAE04EC0-301F-11D3-BF4B-00C04F79EFBC}") = "E02", "E02\E02.csproj", "{00D74DE6-E70B-422D-BD3A-35352F07CEB6}"
EndProject
Project("{2150E333-8FDC-42A3-9474-1A3956D46DE8}") = "S05", "S05", "{C2E74AFD-D46D-4EE9-8340-7C82647B61F9}"
	ProjectSection(SolutionItems) = preProject
		S05.txt = S05.txt
	EndProjectSection
EndProject
Project("{FAE04EC0-301F-11D3-BF4B-00C04F79EFBC}") = "Array", "Array\Array.csproj", "{165C65CE-A98B-43DE-BF25-8D76D853B022}"
EndProject
Project("{FAE04EC0-301F-11D3-BF4B-00C04F79EFBC}") = "Lista", "Lista\Lista.csproj", "{101DF21F-B521-4F13-B73E-83F53A81EDA0}"
EndProject
Project("{FAE04EC0-301F-11D3-BF4B-00C04F79EFBC}") = "Dicionary", "Dicionary\Dicionary.csproj", "{6E034B00-6EA1-4B32-9C78-474419A43F2D}"
EndProject
Project("{2150E333-8FDC-42A3-9474-1A3956D46DE8}") = "S06", "S06", "{42B93DC8-2792-4918-A5C0-8E277DE6E150}"
	ProjectSection(SolutionItems) = preProject
		S06.txt = S06.txt
	EndProjectSection
EndProject
Project("{FAE04EC0-301F-11D3-BF4B-00C04F79EFBC}") = "Erros", "Erros\Erros.csproj", "{41B1430C-1BE5-4A65-856E-C597E996E147}"
EndProject
Project("{2150E333-8FDC-42A3-9474-1A3956D46DE8}") = "S07", "S07", "{54A3797C-0CE3-4878-9D9D-12B3BA5EC005}"
	ProjectSection(SolutionItems) = preProject
		S07.txt = S07.txt
	EndProjectSection
EndProject
Project("{FAE04EC0-301F-11D3-BF4B-00C04F79EFBC}") = "Heranca", "Heranca\Heranca.csproj", "{955058CB-6279-4E2B-95C4-FB2393B2E9A7}"
EndProject
Project("{FAE04EC0-301F-11D3-BF4B-00C04F79EFBC}") = "SobreCarga", "SobreCarga\SobreCarga.csproj", "{A8F57E20-176D-4F23-8BE1-2560ED491938}"
EndProject
Project("{FAE04EC0-301F-11D3-BF4B-00C04F79EFBC}") = "Polimorfismo", "Polimorfismo\Polimorfismo.csproj", "{B32EF042-F4A6-4CB6-9241-41453A3F2F84}"
EndProject
Project("{FAE04EC0-301F-11D3-BF4B-00C04F79EFBC}") = "Construtor", "Construtor\Construtor.csproj", "{CF280D97-5CEC-442F-8872-000C30A9370E}"
EndProject
Project("{2150E333-8FDC-42A3-9474-1A3956D46DE8}") = "S08", "S08", "{E586299E-422E-4E9D-8F9C-4C2F2D1FC790}"
	ProjectSection(SolutionItems) = preProject
		S08.txt = S08.txt
	EndProjectSection
EndProject
Project("{FAE04EC0-301F-11D3-BF4B-00C04F79EFBC}") = "Comentarios", "Comentarios\Comentarios.csproj", "{BB74C7A4-32C6-4321-BED8-2EECA9A3D864}"
EndProject
Project("{2150E333-8FDC-42A3-9474-1A3956D46DE8}") = "S09", "S09", "{64703EDE-8BDA-4E7C-88FA-DF17215B0C21}"
	ProjectSection(SolutionItems) = preProject
		S09.txt = S09.txt
	EndProjectSection
EndProject
Project("{FAE04EC0-301F-11D3-BF4B-00C04F79EFBC}") = "Operadores", "Operadores\Operadores.csproj", "{B4B72944-3818-46F7-B5E0-FB1564AF1C34}"
EndProject
Project("{2150E333-8FDC-42A3-9474-1A3956D46DE8}") = "S10", "S10", "{2301959C-313C-4C74-800B-305F43C7FA8A}"
	ProjectSection(SolutionItems) = preProject
		S10.txt = S10.txt
	EndProjectSection
EndProject
Project("{FAE04EC0-301F-11D3-BF4B-00C04F79EFBC}") = "Texto", "Texto\Texto.csproj", "{9FD98D50-44D4-412E-B340-394FB55A8D1D}"
EndProject
Project("{2150E333-8FDC-42A3-9474-1A3956D46DE8}") = "S11", "S11", "{C3F7C3A4-38C6-4231-A45B-096C7D6C01D8}"
	ProjectSection(SolutionItems) = preProject
		S11.txt = S11.txt
	EndProjectSection
EndProject
Project("{FAE04EC0-301F-11D3-BF4B-00C04F79EFBC}") = "Dicas", "Dicas\Dicas.csproj", "{B61A46F4-A778-420C-B284-9979566295C7}"
EndProject
Global
	GlobalSection(SolutionConfigurationPlatforms) = preSolution
		Debug|Any CPU = Debug|Any CPU
		Release|Any CPU = Release|Any CPU
	EndGlobalSection
	GlobalSection(ProjectConfigurationPlatforms) = postSolution
		{557A3037-4D8A-4BEE-AC37-C9371C71C58C}.Debug|Any CPU.ActiveCfg = Debug|Any CPU
		{557A3037-4D8A-4BEE-AC37-C9371C71C58C}.Debug|Any CPU.Build.0 = Debug|Any CPU
		{557A3037-4D8A-4BEE-AC37-C9371C71C58C}.Release|Any CPU.ActiveCfg = Release|Any CPU
		{557A3037-4D8A-4BEE-AC37-C9371C71C58C}.Release|Any CPU.Build.0 = Release|Any CPU
		{06DF5B43-D612-44EB-B26B-8D52538C2CF1}.Debug|Any CPU.ActiveCfg = Debug|Any CPU
		{06DF5B43-D612-44EB-B26B-8D52538C2CF1}.Debug|Any CPU.Build.0 = Debug|Any CPU
		{06DF5B43-D612-44EB-B26B-8D52538C2CF1}.Release|Any CPU.ActiveCfg = Release|Any CPU
		{06DF5B43-D612-44EB-B26B-8D52538C2CF1}.Release|Any CPU.Build.0 = Release|Any CPU
		{CA9BB4FD-FB25-4223-8B17-9B9083734EB8}.Debug|Any CPU.ActiveCfg = Debug|Any CPU
		{CA9BB4FD-FB25-4223-8B17-9B9083734EB8}.Debug|Any CPU.Build.0 = Debug|Any CPU
		{CA9BB4FD-FB25-4223-8B17-9B9083734EB8}.Release|Any CPU.ActiveCfg = Release|Any CPU
		{CA9BB4FD-FB25-4223-8B17-9B9083734EB8}.Release|Any CPU.Build.0 = Release|Any CPU
		{7AC1DA8E-2C62-41B7-A278-5BDE7C4A087D}.Debug|Any CPU.ActiveCfg = Debug|Any CPU
		{7AC1DA8E-2C62-41B7-A278-5BDE7C4A087D}.Debug|Any CPU.Build.0 = Debug|Any CPU
		{7AC1DA8E-2C62-41B7-A278-5BDE7C4A087D}.Release|Any CPU.ActiveCfg = Release|Any CPU
		{7AC1DA8E-2C62-41B7-A278-5BDE7C4A087D}.Release|Any CPU.Build.0 = Release|Any CPU
		{459ADABE-CA78-4F0E-8BAF-64DE7CF858C7}.Debug|Any CPU.ActiveCfg = Debug|Any CPU
		{459ADABE-CA78-4F0E-8BAF-64DE7CF858C7}.Debug|Any CPU.Build.0 = Debug|Any CPU
		{459ADABE-CA78-4F0E-8BAF-64DE7CF858C7}.Release|Any CPU.ActiveCfg = Release|Any CPU
		{459ADABE-CA78-4F0E-8BAF-64DE7CF858C7}.Release|Any CPU.Build.0 = Release|Any CPU
		{852B0EDB-A4F7-4FCF-90D7-AB2ADACF5796}.Debug|Any CPU.ActiveCfg = Debug|Any CPU
		{852B0EDB-A4F7-4FCF-90D7-AB2ADACF5796}.Debug|Any CPU.Build.0 = Debug|Any CPU
		{852B0EDB-A4F7-4FCF-90D7-AB2ADACF5796}.Release|Any CPU.ActiveCfg = Release|Any CPU
		{852B0EDB-A4F7-4FCF-90D7-AB2ADACF5796}.Release|Any CPU.Build.0 = Release|Any CPU
		{EA64F5EE-6BDB-40CD-8058-1272AC0058B9}.Debug|Any CPU.ActiveCfg = Debug|Any CPU
		{EA64F5EE-6BDB-40CD-8058-1272AC0058B9}.Debug|Any CPU.Build.0 = Debug|Any CPU
		{EA64F5EE-6BDB-40CD-8058-1272AC0058B9}.Release|Any CPU.ActiveCfg = Release|Any CPU
		{EA64F5EE-6BDB-40CD-8058-1272AC0058B9}.Release|Any CPU.Build.0 = Release|Any CPU
		{E0B4F0F8-07FF-43D1-868D-9001493D9393}.Debug|Any CPU.ActiveCfg = Debug|Any CPU
		{E0B4F0F8-07FF-43D1-868D-9001493D9393}.Debug|Any CPU.Build.0 = Debug|Any CPU
		{E0B4F0F8-07FF-43D1-868D-9001493D9393}.Release|Any CPU.ActiveCfg = Release|Any CPU
		{E0B4F0F8-07FF-43D1-868D-9001493D9393}.Release|Any CPU.Build.0 = Release|Any CPU
		{10D2EC7A-ACBE-4700-AECC-A07BF5F97466}.Debug|Any CPU.ActiveCfg = Debug|Any CPU
		{10D2EC7A-ACBE-4700-AECC-A07BF5F97466}.Debug|Any CPU.Build.0 = Debug|Any CPU
		{10D2EC7A-ACBE-4700-AECC-A07BF5F97466}.Release|Any CPU.ActiveCfg = Release|Any CPU
		{10D2EC7A-ACBE-4700-AECC-A07BF5F97466}.Release|Any CPU.Build.0 = Release|Any CPU
		{0565FD10-3BCB-4D91-A5C4-87F284D5D14D}.Debug|Any CPU.ActiveCfg = Debug|Any CPU
		{0565FD10-3BCB-4D91-A5C4-87F284D5D14D}.Debug|Any CPU.Build.0 = Debug|Any CPU
		{0565FD10-3BCB-4D91-A5C4-87F284D5D14D}.Release|Any CPU.ActiveCfg = Release|Any CPU
		{0565FD10-3BCB-4D91-A5C4-87F284D5D14D}.Release|Any CPU.Build.0 = Release|Any CPU
		{CC56E965-FDA7-4758-9331-F4BE294E4A79}.Debug|Any CPU.ActiveCfg = Debug|Any CPU
		{CC56E965-FDA7-4758-9331-F4BE294E4A79}.Debug|Any CPU.Build.0 = Debug|Any CPU
		{CC56E965-FDA7-4758-9331-F4BE294E4A79}.Release|Any CPU.ActiveCfg = Release|Any CPU
		{CC56E965-FDA7-4758-9331-F4BE294E4A79}.Release|Any CPU.Build.0 = Release|Any CPU
		{7F59FD91-630E-4695-A0AD-8472C1258F65}.Debug|Any CPU.ActiveCfg = Debug|Any CPU
		{7F59FD91-630E-4695-A0AD-8472C1258F65}.Debug|Any CPU.Build.0 = Debug|Any CPU
		{7F59FD91-630E-4695-A0AD-8472C1258F65}.Release|Any CPU.ActiveCfg = Release|Any CPU
		{7F59FD91-630E-4695-A0AD-8472C1258F65}.Release|Any CPU.Build.0 = Release|Any CPU
		{39987E6C-F416-49D0-AF8F-F37C5C3AFEE8}.Debug|Any CPU.ActiveCfg = Debug|Any CPU
		{39987E6C-F416-49D0-AF8F-F37C5C3AFEE8}.Debug|Any CPU.Build.0 = Debug|Any CPU
		{39987E6C-F416-49D0-AF8F-F37C5C3AFEE8}.Release|Any CPU.ActiveCfg = Release|Any CPU
		{39987E6C-F416-49D0-AF8F-F37C5C3AFEE8}.Release|Any CPU.Build.0 = Release|Any CPU
		{5675ACF9-DEE2-43CA-9203-160ADE93B5AE}.Debug|Any CPU.ActiveCfg = Debug|Any CPU
		{5675ACF9-DEE2-43CA-9203-160ADE93B5AE}.Debug|Any CPU.Build.0 = Debug|Any CPU
		{5675ACF9-DEE2-43CA-9203-160ADE93B5AE}.Release|Any CPU.ActiveCfg = Release|Any CPU
		{5675ACF9-DEE2-43CA-9203-160ADE93B5AE}.Release|Any CPU.Build.0 = Release|Any CPU
		{99B08773-494E-4233-A4C4-8DFBF0D77359}.Debug|Any CPU.ActiveCfg = Debug|Any CPU
		{99B08773-494E-4233-A4C4-8DFBF0D77359}.Debug|Any CPU.Build.0 = Debug|Any CPU
		{99B08773-494E-4233-A4C4-8DFBF0D77359}.Release|Any CPU.ActiveCfg = Release|Any CPU
		{99B08773-494E-4233-A4C4-8DFBF0D77359}.Release|Any CPU.Build.0 = Release|Any CPU
		{ABD3B19C-CCEE-4F69-A481-C1F1F8FDC018}.Debug|Any CPU.ActiveCfg = Debug|Any CPU
		{ABD3B19C-CCEE-4F69-A481-C1F1F8FDC018}.Debug|Any CPU.Build.0 = Debug|Any CPU
		{ABD3B19C-CCEE-4F69-A481-C1F1F8FDC018}.Release|Any CPU.ActiveCfg = Release|Any CPU
		{ABD3B19C-CCEE-4F69-A481-C1F1F8FDC018}.Release|Any CPU.Build.0 = Release|Any CPU
		{00D74DE6-E70B-422D-BD3A-35352F07CEB6}.Debug|Any CPU.ActiveCfg = Debug|Any CPU
		{00D74DE6-E70B-422D-BD3A-35352F07CEB6}.Debug|Any CPU.Build.0 = Debug|Any CPU
		{00D74DE6-E70B-422D-BD3A-35352F07CEB6}.Release|Any CPU.ActiveCfg = Release|Any CPU
		{00D74DE6-E70B-422D-BD3A-35352F07CEB6}.Release|Any CPU.Build.0 = Release|Any CPU
		{165C65CE-A98B-43DE-BF25-8D76D853B022}.Debug|Any CPU.ActiveCfg = Debug|Any CPU
		{165C65CE-A98B-43DE-BF25-8D76D853B022}.Debug|Any CPU.Build.0 = Debug|Any CPU
		{165C65CE-A98B-43DE-BF25-8D76D853B022}.Release|Any CPU.ActiveCfg = Release|Any CPU
		{165C65CE-A98B-43DE-BF25-8D76D853B022}.Release|Any CPU.Build.0 = Release|Any CPU
		{101DF21F-B521-4F13-B73E-83F53A81EDA0}.Debug|Any CPU.ActiveCfg = Debug|Any CPU
		{101DF21F-B521-4F13-B73E-83F53A81EDA0}.Debug|Any CPU.Build.0 = Debug|Any CPU
		{101DF21F-B521-4F13-B73E-83F53A81EDA0}.Release|Any CPU.ActiveCfg = Release|Any CPU
		{101DF21F-B521-4F13-B73E-83F53A81EDA0}.Release|Any CPU.Build.0 = Release|Any CPU
		{6E034B00-6EA1-4B32-9C78-474419A43F2D}.Debug|Any CPU.ActiveCfg = Debug|Any CPU
		{6E034B00-6EA1-4B32-9C78-474419A43F2D}.Debug|Any CPU.Build.0 = Debug|Any CPU
		{6E034B00-6EA1-4B32-9C78-474419A43F2D}.Release|Any CPU.ActiveCfg = Release|Any CPU
		{6E034B00-6EA1-4B32-9C78-474419A43F2D}.Release|Any CPU.Build.0 = Release|Any CPU
		{41B1430C-1BE5-4A65-856E-C597E996E147}.Debug|Any CPU.ActiveCfg = Debug|Any CPU
		{41B1430C-1BE5-4A65-856E-C597E996E147}.Debug|Any CPU.Build.0 = Debug|Any CPU
		{41B1430C-1BE5-4A65-856E-C597E996E147}.Release|Any CPU.ActiveCfg = Release|Any CPU
		{41B1430C-1BE5-4A65-856E-C597E996E147}.Release|Any CPU.Build.0 = Release|Any CPU
		{955058CB-6279-4E2B-95C4-FB2393B2E9A7}.Debug|Any CPU.ActiveCfg = Debug|Any CPU
		{955058CB-6279-4E2B-95C4-FB2393B2E9A7}.Debug|Any CPU.Build.0 = Debug|Any CPU
		{955058CB-6279-4E2B-95C4-FB2393B2E9A7}.Release|Any CPU.ActiveCfg = Release|Any CPU
		{955058CB-6279-4E2B-95C4-FB2393B2E9A7}.Release|Any CPU.Build.0 = Release|Any CPU
		{A8F57E20-176D-4F23-8BE1-2560ED491938}.Debug|Any CPU.ActiveCfg = Debug|Any CPU
		{A8F57E20-176D-4F23-8BE1-2560ED491938}.Debug|Any CPU.Build.0 = Debug|Any CPU
		{A8F57E20-176D-4F23-8BE1-2560ED491938}.Release|Any CPU.ActiveCfg = Release|Any CPU
		{A8F57E20-176D-4F23-8BE1-2560ED491938}.Release|Any CPU.Build.0 = Release|Any CPU
		{B32EF042-F4A6-4CB6-9241-41453A3F2F84}.Debug|Any CPU.ActiveCfg = Debug|Any CPU
		{B32EF042-F4A6-4CB6-9241-41453A3F2F84}.Debug|Any CPU.Build.0 = Debug|Any CPU
		{B32EF042-F4A6-4CB6-9241-41453A3F2F84}.Release|Any CPU.ActiveCfg = Release|Any CPU
		{B32EF042-F4A6-4CB6-9241-41453A3F2F84}.Release|Any CPU.Build.0 = Release|Any CPU
		{CF280D97-5CEC-442F-8872-000C30A9370E}.Debug|Any CPU.ActiveCfg = Debug|Any CPU
		{CF280D97-5CEC-442F-8872-000C30A9370E}.Debug|Any CPU.Build.0 = Debug|Any CPU
		{CF280D97-5CEC-442F-8872-000C30A9370E}.Release|Any CPU.ActiveCfg = Release|Any CPU
		{CF280D97-5CEC-442F-8872-000C30A9370E}.Release|Any CPU.Build.0 = Release|Any CPU
		{BB74C7A4-32C6-4321-BED8-2EECA9A3D864}.Debug|Any CPU.ActiveCfg = Debug|Any CPU
		{BB74C7A4-32C6-4321-BED8-2EECA9A3D864}.Debug|Any CPU.Build.0 = Debug|Any CPU
		{BB74C7A4-32C6-4321-BED8-2EECA9A3D864}.Release|Any CPU.ActiveCfg = Release|Any CPU
		{BB74C7A4-32C6-4321-BED8-2EECA9A3D864}.Release|Any CPU.Build.0 = Release|Any CPU
		{B4B72944-3818-46F7-B5E0-FB1564AF1C34}.Debug|Any CPU.ActiveCfg = Debug|Any CPU
		{B4B72944-3818-46F7-B5E0-FB1564AF1C34}.Debug|Any CPU.Build.0 = Debug|Any CPU
		{B4B72944-3818-46F7-B5E0-FB1564AF1C34}.Release|Any CPU.ActiveCfg = Release|Any CPU
		{B4B72944-3818-46F7-B5E0-FB1564AF1C34}.Release|Any CPU.Build.0 = Release|Any CPU
		{9FD98D50-44D4-412E-B340-394FB55A8D1D}.Debug|Any CPU.ActiveCfg = Debug|Any CPU
		{9FD98D50-44D4-412E-B340-394FB55A8D1D}.Debug|Any CPU.Build.0 = Debug|Any CPU
		{9FD98D50-44D4-412E-B340-394FB55A8D1D}.Release|Any CPU.ActiveCfg = Release|Any CPU
		{9FD98D50-44D4-412E-B340-394FB55A8D1D}.Release|Any CPU.Build.0 = Release|Any CPU
		{B61A46F4-A778-420C-B284-9979566295C7}.Debug|Any CPU.ActiveCfg = Debug|Any CPU
		{B61A46F4-A778-420C-B284-9979566295C7}.Debug|Any CPU.Build.0 = Debug|Any CPU
		{B61A46F4-A778-420C-B284-9979566295C7}.Release|Any CPU.ActiveCfg = Release|Any CPU
		{B61A46F4-A778-420C-B284-9979566295C7}.Release|Any CPU.Build.0 = Release|Any CPU
	EndGlobalSection
	GlobalSection(SolutionProperties) = preSolution
		HideSolutionNode = FALSE
	EndGlobalSection
	GlobalSection(NestedProjects) = preSolution
		{557A3037-4D8A-4BEE-AC37-C9371C71C58C} = {B8741636-2C68-4941-972E-350102DAC65B}
		{06DF5B43-D612-44EB-B26B-8D52538C2CF1} = {B8741636-2C68-4941-972E-350102DAC65B}
		{CA9BB4FD-FB25-4223-8B17-9B9083734EB8} = {B8741636-2C68-4941-972E-350102DAC65B}
		{7AC1DA8E-2C62-41B7-A278-5BDE7C4A087D} = {B8741636-2C68-4941-972E-350102DAC65B}
		{459ADABE-CA78-4F0E-8BAF-64DE7CF858C7} = {B8741636-2C68-4941-972E-350102DAC65B}
		{852B0EDB-A4F7-4FCF-90D7-AB2ADACF5796} = {B8741636-2C68-4941-972E-350102DAC65B}
		{EA64F5EE-6BDB-40CD-8058-1272AC0058B9} = {9F22F3CE-437C-4415-8AB6-EF4944D4C0B9}
		{E0B4F0F8-07FF-43D1-868D-9001493D9393} = {9F22F3CE-437C-4415-8AB6-EF4944D4C0B9}
		{10D2EC7A-ACBE-4700-AECC-A07BF5F97466} = {026C9B55-E55A-4038-910D-CE23B226F608}
		{0565FD10-3BCB-4D91-A5C4-87F284D5D14D} = {026C9B55-E55A-4038-910D-CE23B226F608}
		{CC56E965-FDA7-4758-9331-F4BE294E4A79} = {026C9B55-E55A-4038-910D-CE23B226F608}
		{7F59FD91-630E-4695-A0AD-8472C1258F65} = {026C9B55-E55A-4038-910D-CE23B226F608}
		{39987E6C-F416-49D0-AF8F-F37C5C3AFEE8} = {026C9B55-E55A-4038-910D-CE23B226F608}
		{5675ACF9-DEE2-43CA-9203-160ADE93B5AE} = {026C9B55-E55A-4038-910D-CE23B226F608}
		{99B08773-494E-4233-A4C4-8DFBF0D77359} = {026C9B55-E55A-4038-910D-CE23B226F608}
		{ABD3B19C-CCEE-4F69-A481-C1F1F8FDC018} = {026C9B55-E55A-4038-910D-CE23B226F608}
		{00D74DE6-E70B-422D-BD3A-35352F07CEB6} = {026C9B55-E55A-4038-910D-CE23B226F608}
		{165C65CE-A98B-43DE-BF25-8D76D853B022} = {C2E74AFD-D46D-4EE9-8340-7C82647B61F9}
		{101DF21F-B521-4F13-B73E-83F53A81EDA0} = {C2E74AFD-D46D-4EE9-8340-7C82647B61F9}
		{6E034B00-6EA1-4B32-9C78-474419A43F2D} = {C2E74AFD-D46D-4EE9-8340-7C82647B61F9}
		{41B1430C-1BE5-4A65-856E-C597E996E147} = {42B93DC8-2792-4918-A5C0-8E277DE6E150}
		{955058CB-6279-4E2B-95C4-FB2393B2E9A7} = {54A3797C-0CE3-4878-9D9D-12B3BA5EC005}
		{A8F57E20-176D-4F23-8BE1-2560ED491938} = {54A3797C-0CE3-4878-9D9D-12B3BA5EC005}
		{B32EF042-F4A6-4CB6-9241-41453A3F2F84} = {54A3797C-0CE3-4878-9D9D-12B3BA5EC005}
		{CF280D97-5CEC-442F-8872-000C30A9370E} = {54A3797C-0CE3-4878-9D9D-12B3BA5EC005}
		{BB74C7A4-32C6-4321-BED8-2EECA9A3D864} = {E586299E-422E-4E9D-8F9C-4C2F2D1FC790}
		{B4B72944-3818-46F7-B5E0-FB1564AF1C34} = {64703EDE-8BDA-4E7C-88FA-DF17215B0C21}
		{9FD98D50-44D4-412E-B340-394FB55A8D1D} = {2301959C-313C-4C74-800B-305F43C7FA8A}
		{B61A46F4-A778-420C-B284-9979566295C7} = {C3F7C3A4-38C6-4231-A45B-096C7D6C01D8}
	EndGlobalSection
EndGlobal
